
Microsoft Visual Studio Solution File, Format Version 12.00
# Visual Studio Version 17
VisualStudioVersion = 17.7.34009.444
MinimumVisualStudioVersion = 10.0.40219.1
Project("{FAE04EC0-301F-11D3-BF4B-00C04F79EFBC}") = "Floreria", "Floreria\Floreria.csproj", "{DE916100-7989-4970-852B-B2A44E43C05C}"
EndProject
Global
	GlobalSection(SolutionConfigurationPlatforms) = preSolution
		Debug|Any CPU = Debug|Any CPU
		Release|Any CPU = Release|Any CPU
	EndGlobalSection
	GlobalSection(ProjectConfigurationPlatforms) = postSolution
		{DE916100-7989-4970-852B-B2A44E43C05C}.Debug|Any CPU.ActiveCfg = Debug|Any CPU
		{DE916100-7989-4970-852B-B2A44E43C05C}.Debug|Any CPU.Build.0 = Debug|Any CPU
		{DE916100-7989-4970-852B-B2A44E43C05C}.Release|Any CPU.ActiveCfg = Release|Any CPU
		{DE916100-7989-4970-852B-B2A44E43C05C}.Release|Any CPU.Build.0 = Release|Any CPU
	EndGlobalSection
	GlobalSection(SolutionProperties) = preSolution
		HideSolutionNode = FALSE
	EndGlobalSection
	GlobalSection(ExtensibilityGlobals) = postSolution
		SolutionGuid = {D21052F4-98EF-47D1-AD6F-EE601CEED947}
	EndGlobalSection
EndGlobal
