
Microsoft Visual Studio Solution File, Format Version 12.00
# Visual Studio Version 17
VisualStudioVersion = 17.11.35222.181
MinimumVisualStudioVersion = 10.0.40219.1
Project("{FAE04EC0-301F-11D3-BF4B-00C04F79EFBC}") = "GimnasioLocal", "GimnasioLocal\GimnasioLocal.csproj", "{F5029B5C-6E3C-4F12-946D-9DA3BECD61EC}"
EndProject
Global
	GlobalSection(SolutionConfigurationPlatforms) = preSolution
		Debug|Any CPU = Debug|Any CPU
		Release|Any CPU = Release|Any CPU
	EndGlobalSection
	GlobalSection(ProjectConfigurationPlatforms) = postSolution
		{F5029B5C-6E3C-4F12-946D-9DA3BECD61EC}.Debug|Any CPU.ActiveCfg = Debug|Any CPU
		{F5029B5C-6E3C-4F12-946D-9DA3BECD61EC}.Debug|Any CPU.Build.0 = Debug|Any CPU
		{F5029B5C-6E3C-4F12-946D-9DA3BECD61EC}.Release|Any CPU.ActiveCfg = Release|Any CPU
		{F5029B5C-6E3C-4F12-946D-9DA3BECD61EC}.Release|Any CPU.Build.0 = Release|Any CPU
	EndGlobalSection
	GlobalSection(SolutionProperties) = preSolution
		HideSolutionNode = FALSE
	EndGlobalSection
	GlobalSection(ExtensibilityGlobals) = postSolution
		SolutionGuid = {72100149-E8D0-4DA1-A0AF-0A2B4D43AA63}
	EndGlobalSection
EndGlobal
